<Solution>
  <Folder Name="/src/">
    <Project Path="src/ApiGateway/ApiGateway.csproj" />
    <Project Path="src/AuthService/AuthService.csproj" />
    <Project Path="src/OrderService/OrderService.csproj" />
    <Project Path="src/ProductService/ProductService.csproj" />
  </Folder>
  <Folder Name="/src/Shared/">
    <Project Path="src/Shared/ECommerce.Contracts/ECommerce.Contracts.csproj" />
  </Folder>
  <Folder Name="/tests/">
    <Project Path="tests/AuthService.Tests/AuthService.Tests.csproj" />
    <Project Path="tests/Integration.Tests/Integration.Tests.csproj" />
    <Project Path="tests/OrderService.Tests/OrderService.Tests.csproj" />
    <Project Path="tests/ProductService.Tests/ProductService.Tests.csproj" />
  </Folder>
</Solution>
